
Microsoft Visual Studio Solution File, Format Version 12.00
# Visual Studio Version 16
VisualStudioVersion = 16.0.31424.327
MinimumVisualStudioVersion = 10.0.40219.1
Project("{FAE04EC0-301F-11D3-BF4B-00C04F79EFBC}") = "SeleniumIntro", "SeleniumIntro\SeleniumIntro.csproj", "{1EDBCEFD-4814-4000-B445-C988468C24F5}"
EndProject
Global
	GlobalSection(SolutionConfigurationPlatforms) = preSolution
		Debug|Any CPU = Debug|Any CPU
		Release|Any CPU = Release|Any CPU
	EndGlobalSection
	GlobalSection(ProjectConfigurationPlatforms) = postSolution
		{1EDBCEFD-4814-4000-B445-C988468C24F5}.Debug|Any CPU.ActiveCfg = Debug|Any CPU
		{1EDBCEFD-4814-4000-B445-C988468C24F5}.Debug|Any CPU.Build.0 = Debug|Any CPU
		{1EDBCEFD-4814-4000-B445-C988468C24F5}.Release|Any CPU.ActiveCfg = Release|Any CPU
		{1EDBCEFD-4814-4000-B445-C988468C24F5}.Release|Any CPU.Build.0 = Release|Any CPU
	EndGlobalSection
	GlobalSection(SolutionProperties) = preSolution
		HideSolutionNode = FALSE
	EndGlobalSection
	GlobalSection(ExtensibilityGlobals) = postSolution
		SolutionGuid = {C6A097C3-6A49-4D93-8174-D5FCB2775D1F}
	EndGlobalSection
EndGlobal
